
Microsoft Visual Studio Solution File, Format Version 12.00
# Visual Studio Version 17
VisualStudioVersion = 17.14.36119.2 d17.14
MinimumVisualStudioVersion = 10.0.40219.1
Project("{FAE04EC0-301F-11D3-BF4B-00C04F79EFBC}") = "Malshinon", "Malshinon\Malshinon.csproj", "{171582AF-1626-42E2-B355-73E6F9AB98B3}"
EndProject
Global
	GlobalSection(SolutionConfigurationPlatforms) = preSolution
		Debug|Any CPU = Debug|Any CPU
		Release|Any CPU = Release|Any CPU
	EndGlobalSection
	GlobalSection(ProjectConfigurationPlatforms) = postSolution
		{171582AF-1626-42E2-B355-73E6F9AB98B3}.Debug|Any CPU.ActiveCfg = Debug|Any CPU
		{171582AF-1626-42E2-B355-73E6F9AB98B3}.Debug|Any CPU.Build.0 = Debug|Any CPU
		{171582AF-1626-42E2-B355-73E6F9AB98B3}.Release|Any CPU.ActiveCfg = Release|Any CPU
		{171582AF-1626-42E2-B355-73E6F9AB98B3}.Release|Any CPU.Build.0 = Release|Any CPU
	EndGlobalSection
	GlobalSection(SolutionProperties) = preSolution
		HideSolutionNode = FALSE
	EndGlobalSection
	GlobalSection(ExtensibilityGlobals) = postSolution
		SolutionGuid = {CB3BB9B3-7584-4060-9205-037425857D6F}
	EndGlobalSection
EndGlobal
